
Microsoft Visual Studio Solution File, Format Version 12.00
# Visual Studio 15
VisualStudioVersion = 15.0.26124.0
MinimumVisualStudioVersion = 15.0.26124.0
Project("{FAE04EC0-301F-11D3-BF4B-00C04F79EFBC}") = "SampleClassification.ConsoleApp", "SampleClassification.ConsoleApp\SampleClassification.ConsoleApp.csproj", "{CF451FFE-E6EB-41CA-8121-BF80A5003FCC}"
EndProject
Project("{FAE04EC0-301F-11D3-BF4B-00C04F79EFBC}") = "SampleClassification.Model", "SampleClassification.Model\SampleClassification.Model.csproj", "{6987B7C5-F412-4F21-B059-DC50A2D1EC00}"
EndProject
Global
	GlobalSection(SolutionConfigurationPlatforms) = preSolution
		Debug|Any CPU = Debug|Any CPU
		Debug|x64 = Debug|x64
		Debug|x86 = Debug|x86
		Release|Any CPU = Release|Any CPU
		Release|x64 = Release|x64
		Release|x86 = Release|x86
	EndGlobalSection
	GlobalSection(SolutionProperties) = preSolution
		HideSolutionNode = FALSE
	EndGlobalSection
	GlobalSection(ProjectConfigurationPlatforms) = postSolution
		{CF451FFE-E6EB-41CA-8121-BF80A5003FCC}.Debug|Any CPU.ActiveCfg = Debug|Any CPU
		{CF451FFE-E6EB-41CA-8121-BF80A5003FCC}.Debug|Any CPU.Build.0 = Debug|Any CPU
		{CF451FFE-E6EB-41CA-8121-BF80A5003FCC}.Debug|x64.ActiveCfg = Debug|Any CPU
		{CF451FFE-E6EB-41CA-8121-BF80A5003FCC}.Debug|x64.Build.0 = Debug|Any CPU
		{CF451FFE-E6EB-41CA-8121-BF80A5003FCC}.Debug|x86.ActiveCfg = Debug|Any CPU
		{CF451FFE-E6EB-41CA-8121-BF80A5003FCC}.Debug|x86.Build.0 = Debug|Any CPU
		{CF451FFE-E6EB-41CA-8121-BF80A5003FCC}.Release|Any CPU.ActiveCfg = Release|Any CPU
		{CF451FFE-E6EB-41CA-8121-BF80A5003FCC}.Release|Any CPU.Build.0 = Release|Any CPU
		{CF451FFE-E6EB-41CA-8121-BF80A5003FCC}.Release|x64.ActiveCfg = Release|Any CPU
		{CF451FFE-E6EB-41CA-8121-BF80A5003FCC}.Release|x64.Build.0 = Release|Any CPU
		{CF451FFE-E6EB-41CA-8121-BF80A5003FCC}.Release|x86.ActiveCfg = Release|Any CPU
		{CF451FFE-E6EB-41CA-8121-BF80A5003FCC}.Release|x86.Build.0 = Release|Any CPU
		{6987B7C5-F412-4F21-B059-DC50A2D1EC00}.Debug|Any CPU.ActiveCfg = Debug|Any CPU
		{6987B7C5-F412-4F21-B059-DC50A2D1EC00}.Debug|Any CPU.Build.0 = Debug|Any CPU
		{6987B7C5-F412-4F21-B059-DC50A2D1EC00}.Debug|x64.ActiveCfg = Debug|Any CPU
		{6987B7C5-F412-4F21-B059-DC50A2D1EC00}.Debug|x64.Build.0 = Debug|Any CPU
		{6987B7C5-F412-4F21-B059-DC50A2D1EC00}.Debug|x86.ActiveCfg = Debug|Any CPU
		{6987B7C5-F412-4F21-B059-DC50A2D1EC00}.Debug|x86.Build.0 = Debug|Any CPU
		{6987B7C5-F412-4F21-B059-DC50A2D1EC00}.Release|Any CPU.ActiveCfg = Release|Any CPU
		{6987B7C5-F412-4F21-B059-DC50A2D1EC00}.Release|Any CPU.Build.0 = Release|Any CPU
		{6987B7C5-F412-4F21-B059-DC50A2D1EC00}.Release|x64.ActiveCfg = Release|Any CPU
		{6987B7C5-F412-4F21-B059-DC50A2D1EC00}.Release|x64.Build.0 = Release|Any CPU
		{6987B7C5-F412-4F21-B059-DC50A2D1EC00}.Release|x86.ActiveCfg = Release|Any CPU
		{6987B7C5-F412-4F21-B059-DC50A2D1EC00}.Release|x86.Build.0 = Release|Any CPU
	EndGlobalSection
EndGlobal
